// !$*UTF8*$!
{
	archiveVersion = 1;
	classes = {
	};
	objectVersion = 56;
	objects = {

/* Begin PBXBuildFile section */
		F51587642ACE16260086ADE6 /* AppDelegate.swift in Sources */ = {isa = PBXBuildFile; fileRef = F51587632ACE16260086ADE6 /* AppDelegate.swift */; };
		F51587662ACE16260086ADE6 /* SceneDelegate.swift in Sources */ = {isa = PBXBuildFile; fileRef = F51587652ACE16260086ADE6 /* SceneDelegate.swift */; };
		F51587682ACE16260086ADE6 /* ViewController.swift in Sources */ = {isa = PBXBuildFile; fileRef = F51587672ACE16260086ADE6 /* ViewController.swift */; };
		F515876B2ACE16260086ADE6 /* Main.storyboard in Resources */ = {isa = PBXBuildFile; fileRef = F51587692ACE16260086ADE6 /* Main.storyboard */; };
		F515876E2ACE16260086ADE6 /* StarRailXpress.xcdatamodeld in Sources */ = {isa = PBXBuildFile; fileRef = F515876C2ACE16260086ADE6 /* StarRailXpress.xcdatamodeld */; };
		F51587702ACE16290086ADE6 /* Assets.xcassets in Resources */ = {isa = PBXBuildFile; fileRef = F515876F2ACE16290086ADE6 /* Assets.xcassets */; };
		F51587732ACE16290086ADE6 /* LaunchScreen.storyboard in Resources */ = {isa = PBXBuildFile; fileRef = F51587712ACE16290086ADE6 /* LaunchScreen.storyboard */; };
		F515877E2ACE162A0086ADE6 /* StarRailXpressTests.swift in Sources */ = {isa = PBXBuildFile; fileRef = F515877D2ACE162A0086ADE6 /* StarRailXpressTests.swift */; };
		F51587882ACE162A0086ADE6 /* StarRailXpressUITests.swift in Sources */ = {isa = PBXBuildFile; fileRef = F51587872ACE162A0086ADE6 /* StarRailXpressUITests.swift */; };
		F515878A2ACE162A0086ADE6 /* StarRailXpressUITestsLaunchTests.swift in Sources */ = {isa = PBXBuildFile; fileRef = F51587892ACE162A0086ADE6 /* StarRailXpressUITestsLaunchTests.swift */; };
/* End PBXBuildFile section */

/* Begin PBXContainerItemProxy section */
		F515877A2ACE162A0086ADE6 /* PBXContainerItemProxy */ = {
			isa = PBXContainerItemProxy;
			containerPortal = F51587582ACE16260086ADE6 /* Project object */;
			proxyType = 1;
			remoteGlobalIDString = F515875F2ACE16260086ADE6;
			remoteInfo = StarRailXpress;
		};
		F51587842ACE162A0086ADE6 /* PBXContainerItemProxy */ = {
			isa = PBXContainerItemProxy;
			containerPortal = F51587582ACE16260086ADE6 /* Project object */;
			proxyType = 1;
			remoteGlobalIDString = F515875F2ACE16260086ADE6;
			remoteInfo = StarRailXpress;
		};
/* End PBXContainerItemProxy section */

/* Begin PBXFileReference section */
		F51587602ACE16260086ADE6 /* StarRailXpress.app */ = {isa = PBXFileReference; explicitFileType = wrapper.application; includeInIndex = 0; path = StarRailXpress.app; sourceTree = BUILT_PRODUCTS_DIR; };
		F51587632ACE16260086ADE6 /* AppDelegate.swift */ = {isa = PBXFileReference; lastKnownFileType = sourcecode.swift; path = AppDelegate.swift; sourceTree = "<group>"; };
		F51587652ACE16260086ADE6 /* SceneDelegate.swift */ = {isa = PBXFileReference; lastKnownFileType = sourcecode.swift; path = SceneDelegate.swift; sourceTree = "<group>"; };
		F51587672ACE16260086ADE6 /* ViewController.swift */ = {isa = PBXFileReference; lastKnownFileType = sourcecode.swift; path = ViewController.swift; sourceTree = "<group>"; };
		F515876A2ACE16260086ADE6 /* Base */ = {isa = PBXFileReference; lastKnownFileType = file.storyboard; name = Base; path = Base.lproj/Main.storyboard; sourceTree = "<group>"; };
		F515876D2ACE16260086ADE6 /* StarRailXpress.xcdatamodel */ = {isa = PBXFileReference; lastKnownFileType = wrapper.xcdatamodel; path = StarRailXpress.xcdatamodel; sourceTree = "<group>"; };
		F515876F2ACE16290086ADE6 /* Assets.xcassets */ = {isa = PBXFileReference; lastKnownFileType = folder.assetcatalog; path = Assets.xcassets; sourceTree = "<group>"; };
		F51587722ACE16290086ADE6 /* Base */ = {isa = PBXFileReference; lastKnownFileType = file.storyboard; name = Base; path = Base.lproj/LaunchScreen.storyboard; sourceTree = "<group>"; };
		F51587742ACE16290086ADE6 /* Info.plist */ = {isa = PBXFileReference; lastKnownFileType = text.plist.xml; path = Info.plist; sourceTree = "<group>"; };
		F51587792ACE162A0086ADE6 /* StarRailXpressTests.xctest */ = {isa = PBXFileReference; explicitFileType = wrapper.cfbundle; includeInIndex = 0; path = StarRailXpressTests.xctest; sourceTree = BUILT_PRODUCTS_DIR; };
		F515877D2ACE162A0086ADE6 /* StarRailXpressTests.swift */ = {isa = PBXFileReference; lastKnownFileType = sourcecode.swift; path = StarRailXpressTests.swift; sourceTree = "<group>"; };
		F51587832ACE162A0086ADE6 /* StarRailXpressUITests.xctest */ = {isa = PBXFileReference; explicitFileType = wrapper.cfbundle; includeInIndex = 0; path = StarRailXpressUITests.xctest; sourceTree = BUILT_PRODUCTS_DIR; };
		F51587872ACE162A0086ADE6 /* StarRailXpressUITests.swift */ = {isa = PBXFileReference; lastKnownFileType = sourcecode.swift; path = StarRailXpressUITests.swift; sourceTree = "<group>"; };
		F51587892ACE162A0086ADE6 /* StarRailXpressUITestsLaunchTests.swift */ = {isa = PBXFileReference; lastKnownFileType = sourcecode.swift; path = StarRailXpressUITestsLaunchTests.swift; sourceTree = "<group>"; };
/* End PBXFileReference section */

/* Begin PBXFrameworksBuildPhase section */
		F515875D2ACE16260086ADE6 /* Frameworks */ = {
			isa = PBXFrameworksBuildPhase;
			buildActionMask = 2147483647;
			files = (
			);
			runOnlyForDeploymentPostprocessing = 0;
		};
		F51587762ACE162A0086ADE6 /* Frameworks */ = {
			isa = PBXFrameworksBuildPhase;
			buildActionMask = 2147483647;
			files = (
			);
			runOnlyForDeploymentPostprocessing = 0;
		};
		F51587802ACE162A0086ADE6 /* Frameworks */ = {
			isa = PBXFrameworksBuildPhase;
			buildActionMask = 2147483647;
			files = (
			);
			runOnlyForDeploymentPostprocessing = 0;
		};
/* End PBXFrameworksBuildPhase section */

/* Begin PBXGroup section */
		F51587572ACE16260086ADE6 = {
			isa = PBXGroup;
			children = (
				F51587622ACE16260086ADE6 /* StarRailXpress */,
				F515877C2ACE162A0086ADE6 /* StarRailXpressTests */,
				F51587862ACE162A0086ADE6 /* StarRailXpressUITests */,
				F51587612ACE16260086ADE6 /* Products */,
			);
			sourceTree = "<group>";
		};
		F51587612ACE16260086ADE6 /* Products */ = {
			isa = PBXGroup;
			children = (
				F51587602ACE16260086ADE6 /* StarRailXpress.app */,
				F51587792ACE162A0086ADE6 /* StarRailXpressTests.xctest */,
				F51587832ACE162A0086ADE6 /* StarRailXpressUITests.xctest */,
			);
			name = Products;
			sourceTree = "<group>";
		};
		F51587622ACE16260086ADE6 /* StarRailXpress */ = {
			isa = PBXGroup;
			children = (
				F51587632ACE16260086ADE6 /* AppDelegate.swift */,
				F51587652ACE16260086ADE6 /* SceneDelegate.swift */,
				F51587672ACE16260086ADE6 /* ViewController.swift */,
				F51587692ACE16260086ADE6 /* Main.storyboard */,
				F515876F2ACE16290086ADE6 /* Assets.xcassets */,
				F51587712ACE16290086ADE6 /* LaunchScreen.storyboard */,
				F51587742ACE16290086ADE6 /* Info.plist */,
				F515876C2ACE16260086ADE6 /* StarRailXpress.xcdatamodeld */,
			);
			path = StarRailXpress;
			sourceTree = "<group>";
		};
		F515877C2ACE162A0086ADE6 /* StarRailXpressTests */ = {
			isa = PBXGroup;
			children = (
				F515877D2ACE162A0086ADE6 /* StarRailXpressTests.swift */,
			);
			path = StarRailXpressTests;
			sourceTree = "<group>";
		};
		F51587862ACE162A0086ADE6 /* StarRailXpressUITests */ = {
			isa = PBXGroup;
			children = (
				F51587872ACE162A0086ADE6 /* StarRailXpressUITests.swift */,
				F51587892ACE162A0086ADE6 /* StarRailXpressUITestsLaunchTests.swift */,
			);
			path = StarRailXpressUITests;
			sourceTree = "<group>";
		};
/* End PBXGroup section */

/* Begin PBXNativeTarget section */
		F515875F2ACE16260086ADE6 /* StarRailXpress */ = {
			isa = PBXNativeTarget;
			buildConfigurationList = F515878D2ACE162A0086ADE6 /* Build configuration list for PBXNativeTarget "StarRailXpress" */;
			buildPhases = (
				F515875C2ACE16260086ADE6 /* Sources */,
				F515875D2ACE16260086ADE6 /* Frameworks */,
				F515875E2ACE16260086ADE6 /* Resources */,
			);
			buildRules = (
			);
			dependencies = (
			);
			name = StarRailXpress;
			productName = StarRailXpress;
			productReference = F51587602ACE16260086ADE6 /* StarRailXpress.app */;
			productType = "com.apple.product-type.application";
		};
		F51587782ACE162A0086ADE6 /* StarRailXpressTests */ = {
			isa = PBXNativeTarget;
			buildConfigurationList = F51587902ACE162A0086ADE6 /* Build configuration list for PBXNativeTarget "StarRailXpressTests" */;
			buildPhases = (
				F51587752ACE162A0086ADE6 /* Sources */,
				F51587762ACE162A0086ADE6 /* Frameworks */,
				F51587772ACE162A0086ADE6 /* Resources */,
			);
			buildRules = (
			);
			dependencies = (
				F515877B2ACE162A0086ADE6 /* PBXTargetDependency */,
			);
			name = StarRailXpressTests;
			productName = StarRailXpressTests;
			productReference = F51587792ACE162A0086ADE6 /* StarRailXpressTests.xctest */;
			productType = "com.apple.product-type.bundle.unit-test";
		};
		F51587822ACE162A0086ADE6 /* StarRailXpressUITests */ = {
			isa = PBXNativeTarget;
			buildConfigurationList = F51587932ACE162A0086ADE6 /* Build configuration list for PBXNativeTarget "StarRailXpressUITests" */;
			buildPhases = (
				F515877F2ACE162A0086ADE6 /* Sources */,
				F51587802ACE162A0086ADE6 /* Frameworks */,
				F51587812ACE162A0086ADE6 /* Resources */,
			);
			buildRules = (
			);
			dependencies = (
				F51587852ACE162A0086ADE6 /* PBXTargetDependency */,
			);
			name = StarRailXpressUITests;
			productName = StarRailXpressUITests;
			productReference = F51587832ACE162A0086ADE6 /* StarRailXpressUITests.xctest */;
			productType = "com.apple.product-type.bundle.ui-testing";
		};
/* End PBXNativeTarget section */

/* Begin PBXProject section */
		F51587582ACE16260086ADE6 /* Project object */ = {
			isa = PBXProject;
			attributes = {
				BuildIndependentTargetsInParallel = 1;
				LastSwiftUpdateCheck = 1500;
				LastUpgradeCheck = 1500;
				TargetAttributes = {
					F515875F2ACE16260086ADE6 = {
						CreatedOnToolsVersion = 15.0;
					};
					F51587782ACE162A0086ADE6 = {
						CreatedOnToolsVersion = 15.0;
						TestTargetID = F515875F2ACE16260086ADE6;
					};
					F51587822ACE162A0086ADE6 = {
						CreatedOnToolsVersion = 15.0;
						TestTargetID = F515875F2ACE16260086ADE6;
					};
				};
			};
			buildConfigurationList = F515875B2ACE16260086ADE6 /* Build configuration list for PBXProject "StarRailXpress" */;
			compatibilityVersion = "Xcode 14.0";
			developmentRegion = en;
			hasScannedForEncodings = 0;
			knownRegions = (
				en,
				Base,
			);
			mainGroup = F51587572ACE16260086ADE6;
			productRefGroup = F51587612ACE16260086ADE6 /* Products */;
			projectDirPath = "";
			projectRoot = "";
			targets = (
				F515875F2ACE16260086ADE6 /* StarRailXpress */,
				F51587782ACE162A0086ADE6 /* StarRailXpressTests */,
				F51587822ACE162A0086ADE6 /* StarRailXpressUITests */,
			);
		};
/* End PBXProject section */

/* Begin PBXResourcesBuildPhase section */
		F515875E2ACE16260086ADE6 /* Resources */ = {
			isa = PBXResourcesBuildPhase;
			buildActionMask = 2147483647;
			files = (
				F51587732ACE16290086ADE6 /* LaunchScreen.storyboard in Resources */,
				F51587702ACE16290086ADE6 /* Assets.xcassets in Resources */,
				F515876B2ACE16260086ADE6 /* Main.storyboard in Resources */,
			);
			runOnlyForDeploymentPostprocessing = 0;
		};
		F51587772ACE162A0086ADE6 /* Resources */ = {
			isa = PBXResourcesBuildPhase;
			buildActionMask = 2147483647;
			files = (
			);
			runOnlyForDeploymentPostprocessing = 0;
		};
		F51587812ACE162A0086ADE6 /* Resources */ = {
			isa = PBXResourcesBuildPhase;
			buildActionMask = 2147483647;
			files = (
			);
			runOnlyForDeploymentPostprocessing = 0;
		};
/* End PBXResourcesBuildPhase section */

/* Begin PBXSourcesBuildPhase section */
		F515875C2ACE16260086ADE6 /* Sources */ = {
			isa = PBXSourcesBuildPhase;
			buildActionMask = 2147483647;
			files = (
				F51587682ACE16260086ADE6 /* ViewController.swift in Sources */,
				F51587642ACE16260086ADE6 /* AppDelegate.swift in Sources */,
				F515876E2ACE16260086ADE6 /* StarRailXpress.xcdatamodeld in Sources */,
				F51587662ACE16260086ADE6 /* SceneDelegate.swift in Sources */,
			);
			runOnlyForDeploymentPostprocessing = 0;
		};
		F51587752ACE162A0086ADE6 /* Sources */ = {
			isa = PBXSourcesBuildPhase;
			buildActionMask = 2147483647;
			files = (
				F515877E2ACE162A0086ADE6 /* StarRailXpressTests.swift in Sources */,
			);
			runOnlyForDeploymentPostprocessing = 0;
		};
		F515877F2ACE162A0086ADE6 /* Sources */ = {
			isa = PBXSourcesBuildPhase;
			buildActionMask = 2147483647;
			files = (
				F51587882ACE162A0086ADE6 /* StarRailXpressUITests.swift in Sources */,
				F515878A2ACE162A0086ADE6 /* StarRailXpressUITestsLaunchTests.swift in Sources */,
			);
			runOnlyForDeploymentPostprocessing = 0;
		};
/* End PBXSourcesBuildPhase section */

/* Begin PBXTargetDependency section */
		F515877B2ACE162A0086ADE6 /* PBXTargetDependency */ = {
			isa = PBXTargetDependency;
			target = F515875F2ACE16260086ADE6 /* StarRailXpress */;
			targetProxy = F515877A2ACE162A0086ADE6 /* PBXContainerItemProxy */;
		};
		F51587852ACE162A0086ADE6 /* PBXTargetDependency */ = {
			isa = PBXTargetDependency;
			target = F515875F2ACE16260086ADE6 /* StarRailXpress */;
			targetProxy = F51587842ACE162A0086ADE6 /* PBXContainerItemProxy */;
		};
/* End PBXTargetDependency section */

/* Begin PBXVariantGroup section */
		F51587692ACE16260086ADE6 /* Main.storyboard */ = {
			isa = PBXVariantGroup;
			children = (
				F515876A2ACE16260086ADE6 /* Base */,
			);
			name = Main.storyboard;
			sourceTree = "<group>";
		};
		F51587712ACE16290086ADE6 /* LaunchScreen.storyboard */ = {
			isa = PBXVariantGroup;
			children = (
				F51587722ACE16290086ADE6 /* Base */,
			);
			name = LaunchScreen.storyboard;
			sourceTree = "<group>";
		};
/* End PBXVariantGroup section */

/* Begin XCBuildConfiguration section */
		F515878B2ACE162A0086ADE6 /* Debug */ = {
			isa = XCBuildConfiguration;
			buildSettings = {
				ALWAYS_SEARCH_USER_PATHS = NO;
				ASSETCATALOG_COMPILER_GENERATE_SWIFT_ASSET_SYMBOL_EXTENSIONS = YES;
				CLANG_ANALYZER_NONNULL = YES;
				CLANG_ANALYZER_NUMBER_OBJECT_CONVERSION = YES_AGGRESSIVE;
				CLANG_CXX_LANGUAGE_STANDARD = "gnu++20";
				CLANG_ENABLE_MODULES = YES;
				CLANG_ENABLE_OBJC_ARC = YES;
				CLANG_ENABLE_OBJC_WEAK = YES;
				CLANG_WARN_BLOCK_CAPTURE_AUTORELEASING = YES;
				CLANG_WARN_BOOL_CONVERSION = YES;
				CLANG_WARN_COMMA = YES;
				CLANG_WARN_CONSTANT_CONVERSION = YES;
				CLANG_WARN_DEPRECATED_OBJC_IMPLEMENTATIONS = YES;
				CLANG_WARN_DIRECT_OBJC_ISA_USAGE = YES_ERROR;
				CLANG_WARN_DOCUMENTATION_COMMENTS = YES;
				CLANG_WARN_EMPTY_BODY = YES;
				CLANG_WARN_ENUM_CONVERSION = YES;
				CLANG_WARN_INFINITE_RECURSION = YES;
				CLANG_WARN_INT_CONVERSION = YES;
				CLANG_WARN_NON_LITERAL_NULL_CONVERSION = YES;
				CLANG_WARN_OBJC_IMPLICIT_RETAIN_SELF = YES;
				CLANG_WARN_OBJC_LITERAL_CONVERSION = YES;
				CLANG_WARN_OBJC_ROOT_CLASS = YES_ERROR;
				CLANG_WARN_QUOTED_INCLUDE_IN_FRAMEWORK_HEADER = YES;
				CLANG_WARN_RANGE_LOOP_ANALYSIS = YES;
				CLANG_WARN_STRICT_PROTOTYPES = YES;
				CLANG_WARN_SUSPICIOUS_MOVE = YES;
				CLANG_WARN_UNGUARDED_AVAILABILITY = YES_AGGRESSIVE;
				CLANG_WARN_UNREACHABLE_CODE = YES;
				CLANG_WARN__DUPLICATE_METHOD_MATCH = YES;
				COPY_PHASE_STRIP = NO;
				DEBUG_INFORMATION_FORMAT = dwarf;
				ENABLE_STRICT_OBJC_MSGSEND = YES;
				ENABLE_TESTABILITY = YES;
				ENABLE_USER_SCRIPT_SANDBOXING = YES;
				GCC_C_LANGUAGE_STANDARD = gnu17;
				GCC_DYNAMIC_NO_PIC = NO;
				GCC_NO_COMMON_BLOCKS = YES;
				GCC_OPTIMIZATION_LEVEL = 0;
				GCC_PREPROCESSOR_DEFINITIONS = (
					"DEBUG=1",
					"$(inherited)",
				);
				GCC_WARN_64_TO_32_BIT_CONVERSION = YES;
				GCC_WARN_ABOUT_RETURN_TYPE = YES_ERROR;
				GCC_WARN_UNDECLARED_SELECTOR = YES;
				GCC_WARN_UNINITIALIZED_AUTOS = YES_AGGRESSIVE;
				GCC_WARN_UNUSED_FUNCTION = YES;
				GCC_WARN_UNUSED_VARIABLE = YES;
				IPHONEOS_DEPLOYMENT_TARGET = 17.0;
				LOCALIZATION_PREFERS_STRING_CATALOGS = YES;
				MTL_ENABLE_DEBUG_INFO = INCLUDE_SOURCE;
				MTL_FAST_MATH = YES;
				ONLY_ACTIVE_ARCH = YES;
				SDKROOT = iphoneos;
				SWIFT_ACTIVE_COMPILATION_CONDITIONS = "DEBUG $(inherited)";
				SWIFT_OPTIMIZATION_LEVEL = "-Onone";
			};
			name = Debug;
		};
		F515878C2ACE162A0086ADE6 /* Release */ = {
			isa = XCBuildConfiguration;
			buildSettings = {
				ALWAYS_SEARCH_USER_PATHS = NO;
				ASSETCATALOG_COMPILER_GENERATE_SWIFT_ASSET_SYMBOL_EXTENSIONS = YES;
				CLANG_ANALYZER_NONNULL = YES;
				CLANG_ANALYZER_NUMBER_OBJECT_CONVERSION = YES_AGGRESSIVE;
				CLANG_CXX_LANGUAGE_STANDARD = "gnu++20";
				CLANG_ENABLE_MODULES = YES;
				CLANG_ENABLE_OBJC_ARC = YES;
				CLANG_ENABLE_OBJC_WEAK = YES;
				CLANG_WARN_BLOCK_CAPTURE_AUTORELEASING = YES;
				CLANG_WARN_BOOL_CONVERSION = YES;
				CLANG_WARN_COMMA = YES;
				CLANG_WARN_CONSTANT_CONVERSION = YES;
				CLANG_WARN_DEPRECATED_OBJC_IMPLEMENTATIONS = YES;
				CLANG_WARN_DIRECT_OBJC_ISA_USAGE = YES_ERROR;
				CLANG_WARN_DOCUMENTATION_COMMENTS = YES;
				CLANG_WARN_EMPTY_BODY = YES;
				CLANG_WARN_ENUM_CONVERSION = YES;
				CLANG_WARN_INFINITE_RECURSION = YES;
				CLANG_WARN_INT_CONVERSION = YES;
				CLANG_WARN_NON_LITERAL_NULL_CONVERSION = YES;
				CLANG_WARN_OBJC_IMPLICIT_RETAIN_SELF = YES;
				CLANG_WARN_OBJC_LITERAL_CONVERSION = YES;
				CLANG_WARN_OBJC_ROOT_CLASS = YES_ERROR;
				CLANG_WARN_QUOTED_INCLUDE_IN_FRAMEWORK_HEADER = YES;
				CLANG_WARN_RANGE_LOOP_ANALYSIS = YES;
				CLANG_WARN_STRICT_PROTOTYPES = YES;
				CLANG_WARN_SUSPICIOUS_MOVE = YES;
				CLANG_WARN_UNGUARDED_AVAILABILITY = YES_AGGRESSIVE;
				CLANG_WARN_UNREACHABLE_CODE = YES;
				CLANG_WARN__DUPLICATE_METHOD_MATCH = YES;
				COPY_PHASE_STRIP = NO;
				DEBUG_INFORMATION_FORMAT = "dwarf-with-dsym";
				ENABLE_NS_ASSERTIONS = NO;
				ENABLE_STRICT_OBJC_MSGSEND = YES;
				ENABLE_USER_SCRIPT_SANDBOXING = YES;
				GCC_C_LANGUAGE_STANDARD = gnu17;
				GCC_NO_COMMON_BLOCKS = YES;
				GCC_WARN_64_TO_32_BIT_CONVERSION = YES;
				GCC_WARN_ABOUT_RETURN_TYPE = YES_ERROR;
				GCC_WARN_UNDECLARED_SELECTOR = YES;
				GCC_WARN_UNINITIALIZED_AUTOS = YES_AGGRESSIVE;
				GCC_WARN_UNUSED_FUNCTION = YES;
				GCC_WARN_UNUSED_VARIABLE = YES;
				IPHONEOS_DEPLOYMENT_TARGET = 17.0;
				LOCALIZATION_PREFERS_STRING_CATALOGS = YES;
				MTL_ENABLE_DEBUG_INFO = NO;
				MTL_FAST_MATH = YES;
				SDKROOT = iphoneos;
				SWIFT_COMPILATION_MODE = wholemodule;
				VALIDATE_PRODUCT = YES;
			};
			name = Release;
		};
		F515878E2ACE162A0086ADE6 /* Debug */ = {
			isa = XCBuildConfiguration;
			buildSettings = {
				ASSETCATALOG_COMPILER_APPICON_NAME = AppIcon;
				ASSETCATALOG_COMPILER_GLOBAL_ACCENT_COLOR_NAME = AccentColor;
				CODE_SIGN_STYLE = Automatic;
				CURRENT_PROJECT_VERSION = 1;
				DEVELOPMENT_TEAM = B97JTSGWZ2;
				GENERATE_INFOPLIST_FILE = YES;
				INFOPLIST_FILE = StarRailXpress/Info.plist;
				INFOPLIST_KEY_UIApplicationSupportsIndirectInputEvents = YES;
				INFOPLIST_KEY_UILaunchStoryboardName = LaunchScreen;
				INFOPLIST_KEY_UIMainStoryboardFile = Main;
				INFOPLIST_KEY_UISupportedInterfaceOrientations_iPad = "UIInterfaceOrientationPortrait UIInterfaceOrientationPortraitUpsideDown UIInterfaceOrientationLandscapeLeft UIInterfaceOrientationLandscapeRight";
				INFOPLIST_KEY_UISupportedInterfaceOrientations_iPhone = "UIInterfaceOrientationPortrait UIInterfaceOrientationLandscapeLeft UIInterfaceOrientationLandscapeRight";
				LD_RUNPATH_SEARCH_PATHS = (
					"$(inherited)",
					"@executable_path/Frameworks",
				);
				MARKETING_VERSION = 1.0;
				PRODUCT_BUNDLE_IDENTIFIER = com.shibuyaxpress.StarRailXpress;
				PRODUCT_NAME = "$(TARGET_NAME)";
				SWIFT_EMIT_LOC_STRINGS = YES;
				SWIFT_VERSION = 5.0;
				TARGETED_DEVICE_FAMILY = "1,2";
			};
			name = Debug;
		};
		F515878F2ACE162A0086ADE6 /* Release */ = {
			isa = XCBuildConfiguration;
			buildSettings = {
				ASSETCATALOG_COMPILER_APPICON_NAME = AppIcon;
				ASSETCATALOG_COMPILER_GLOBAL_ACCENT_COLOR_NAME = AccentColor;
				CODE_SIGN_STYLE = Automatic;
				CURRENT_PROJECT_VERSION = 1;
				DEVELOPMENT_TEAM = B97JTSGWZ2;
				GENERATE_INFOPLIST_FILE = YES;
				INFOPLIST_FILE = StarRailXpress/Info.plist;
				INFOPLIST_KEY_UIApplicationSupportsIndirectInputEvents = YES;
				INFOPLIST_KEY_UILaunchStoryboardName = LaunchScreen;
				INFOPLIST_KEY_UIMainStoryboardFile = Main;
				INFOPLIST_KEY_UISupportedInterfaceOrientations_iPad = "UIInterfaceOrientationPortrait UIInterfaceOrientationPortraitUpsideDown UIInterfaceOrientationLandscapeLeft UIInterfaceOrientationLandscapeRight";
				INFOPLIST_KEY_UISupportedInterfaceOrientations_iPhone = "UIInterfaceOrientationPortrait UIInterfaceOrientationLandscapeLeft UIInterfaceOrientationLandscapeRight";
				LD_RUNPATH_SEARCH_PATHS = (
					"$(inherited)",
					"@executable_path/Frameworks",
				);
				MARKETING_VERSION = 1.0;
				PRODUCT_BUNDLE_IDENTIFIER = com.shibuyaxpress.StarRailXpress;
				PRODUCT_NAME = "$(TARGET_NAME)";
				SWIFT_EMIT_LOC_STRINGS = YES;
				SWIFT_VERSION = 5.0;
				TARGETED_DEVICE_FAMILY = "1,2";
			};
			name = Release;
		};
		F51587912ACE162A0086ADE6 /* Debug */ = {
			isa = XCBuildConfiguration;
			buildSettings = {
				ALWAYS_EMBED_SWIFT_STANDARD_LIBRARIES = YES;
				BUNDLE_LOADER = "$(TEST_HOST)";
				CODE_SIGN_STYLE = Automatic;
				CURRENT_PROJECT_VERSION = 1;
				DEVELOPMENT_TEAM = B97JTSGWZ2;
				GENERATE_INFOPLIST_FILE = YES;
				IPHONEOS_DEPLOYMENT_TARGET = 17.0;
				MARKETING_VERSION = 1.0;
				PRODUCT_BUNDLE_IDENTIFIER = com.shibuyaxpress.StarRailXpressTests;
				PRODUCT_NAME = "$(TARGET_NAME)";
				SWIFT_EMIT_LOC_STRINGS = NO;
				SWIFT_VERSION = 5.0;
				TARGETED_DEVICE_FAMILY = "1,2";
				TEST_HOST = "$(BUILT_PRODUCTS_DIR)/StarRailXpress.app/$(BUNDLE_EXECUTABLE_FOLDER_PATH)/StarRailXpress";
			};
			name = Debug;
		};
		F51587922ACE162A0086ADE6 /* Release */ = {
			isa = XCBuildConfiguration;
			buildSettings = {
				ALWAYS_EMBED_SWIFT_STANDARD_LIBRARIES = YES;
				BUNDLE_LOADER = "$(TEST_HOST)";
				CODE_SIGN_STYLE = Automatic;
				CURRENT_PROJECT_VERSION = 1;
				DEVELOPMENT_TEAM = B97JTSGWZ2;
				GENERATE_INFOPLIST_FILE = YES;
				IPHONEOS_DEPLOYMENT_TARGET = 17.0;
				MARKETING_VERSION = 1.0;
				PRODUCT_BUNDLE_IDENTIFIER = com.shibuyaxpress.StarRailXpressTests;
				PRODUCT_NAME = "$(TARGET_NAME)";
				SWIFT_EMIT_LOC_STRINGS = NO;
				SWIFT_VERSION = 5.0;
				TARGETED_DEVICE_FAMILY = "1,2";
				TEST_HOST = "$(BUILT_PRODUCTS_DIR)/StarRailXpress.app/$(BUNDLE_EXECUTABLE_FOLDER_PATH)/StarRailXpress";
			};
			name = Release;
		};
		F51587942ACE162A0086ADE6 /* Debug */ = {
			isa = XCBuildConfiguration;
			buildSettings = {
				ALWAYS_EMBED_SWIFT_STANDARD_LIBRARIES = YES;
				CODE_SIGN_STYLE = Automatic;
				CURRENT_PROJECT_VERSION = 1;
				DEVELOPMENT_TEAM = B97JTSGWZ2;
				GENERATE_INFOPLIST_FILE = YES;
				MARKETING_VERSION = 1.0;
				PRODUCT_BUNDLE_IDENTIFIER = com.shibuyaxpress.StarRailXpressUITests;
				PRODUCT_NAME = "$(TARGET_NAME)";
				SWIFT_EMIT_LOC_STRINGS = NO;
				SWIFT_VERSION = 5.0;
				TARGETED_DEVICE_FAMILY = "1,2";
				TEST_TARGET_NAME = StarRailXpress;
			};
			name = Debug;
		};
		F51587952ACE162A0086ADE6 /* Release */ = {
			isa = XCBuildConfiguration;
			buildSettings = {
				ALWAYS_EMBED_SWIFT_STANDARD_LIBRARIES = YES;
				CODE_SIGN_STYLE = Automatic;
				CURRENT_PROJECT_VERSION = 1;
				DEVELOPMENT_TEAM = B97JTSGWZ2;
				GENERATE_INFOPLIST_FILE = YES;
				MARKETING_VERSION = 1.0;
				PRODUCT_BUNDLE_IDENTIFIER = com.shibuyaxpress.StarRailXpressUITests;
				PRODUCT_NAME = "$(TARGET_NAME)";
				SWIFT_EMIT_LOC_STRINGS = NO;
				SWIFT_VERSION = 5.0;
				TARGETED_DEVICE_FAMILY = "1,2";
				TEST_TARGET_NAME = StarRailXpress;
			};
			name = Release;
		};
/* End XCBuildConfiguration section */

/* Begin XCConfigurationList section */
		F515875B2ACE16260086ADE6 /* Build configuration list for PBXProject "StarRailXpress" */ = {
			isa = XCConfigurationList;
			buildConfigurations = (
				F515878B2ACE162A0086ADE6 /* Debug */,
				F515878C2ACE162A0086ADE6 /* Release */,
			);
			defaultConfigurationIsVisible = 0;
			defaultConfigurationName = Release;
		};
		F515878D2ACE162A0086ADE6 /* Build configuration list for PBXNativeTarget "StarRailXpress" */ = {
			isa = XCConfigurationList;
			buildConfigurations = (
				F515878E2ACE162A0086ADE6 /* Debug */,
				F515878F2ACE162A0086ADE6 /* Release */,
			);
			defaultConfigurationIsVisible = 0;
			defaultConfigurationName = Release;
		};
		F51587902ACE162A0086ADE6 /* Build configuration list for PBXNativeTarget "StarRailXpressTests" */ = {
			isa = XCConfigurationList;
			buildConfigurations = (
				F51587912ACE162A0086ADE6 /* Debug */,
				F51587922ACE162A0086ADE6 /* Release */,
			);
			defaultConfigurationIsVisible = 0;
			defaultConfigurationName = Release;
		};
		F51587932ACE162A0086ADE6 /* Build configuration list for PBXNativeTarget "StarRailXpressUITests" */ = {
			isa = XCConfigurationList;
			buildConfigurations = (
				F51587942ACE162A0086ADE6 /* Debug */,
				F51587952ACE162A0086ADE6 /* Release */,
			);
			defaultConfigurationIsVisible = 0;
			defaultConfigurationName = Release;
		};
/* End XCConfigurationList section */

/* Begin XCVersionGroup section */
		F515876C2ACE16260086ADE6 /* StarRailXpress.xcdatamodeld */ = {
			isa = XCVersionGroup;
			children = (
				F515876D2ACE16260086ADE6 /* StarRailXpress.xcdatamodel */,
			);
			currentVersion = F515876D2ACE16260086ADE6 /* StarRailXpress.xcdatamodel */;
			path = StarRailXpress.xcdatamodeld;
			sourceTree = "<group>";
			versionGroupType = wrapper.xcdatamodel;
		};
/* End XCVersionGroup section */
	};
	rootObject = F51587582ACE16260086ADE6 /* Project object */;
}
